
Microsoft Visual Studio Solution File, Format Version 12.00
# Visual Studio 15
VisualStudioVersion = 15.0.28307.902
MinimumVisualStudioVersion = 10.0.40219.1
Project("{FAE04EC0-301F-11D3-BF4B-00C04F79EFBC}") = "ArhGzip_Another", "ArhGzip_Another\ArhGzip_Another.csproj", "{64EE58B0-B76A-4B38-A62E-05EB048096ED}"
EndProject
Global
	GlobalSection(SolutionConfigurationPlatforms) = preSolution
		Debug|Any CPU = Debug|Any CPU
		Release|Any CPU = Release|Any CPU
	EndGlobalSection
	GlobalSection(ProjectConfigurationPlatforms) = postSolution
		{64EE58B0-B76A-4B38-A62E-05EB048096ED}.Debug|Any CPU.ActiveCfg = Debug|Any CPU
		{64EE58B0-B76A-4B38-A62E-05EB048096ED}.Debug|Any CPU.Build.0 = Debug|Any CPU
		{64EE58B0-B76A-4B38-A62E-05EB048096ED}.Release|Any CPU.ActiveCfg = Release|Any CPU
		{64EE58B0-B76A-4B38-A62E-05EB048096ED}.Release|Any CPU.Build.0 = Release|Any CPU
	EndGlobalSection
	GlobalSection(SolutionProperties) = preSolution
		HideSolutionNode = FALSE
	EndGlobalSection
	GlobalSection(ExtensibilityGlobals) = postSolution
		SolutionGuid = {ADA4C6DF-3F34-4BFF-B2D1-412E87D6AF86}
	EndGlobalSection
EndGlobal
